
Microsoft Visual Studio Solution File, Format Version 12.00
# Visual Studio Version 17
VisualStudioVersion = 17.1.32407.343
MinimumVisualStudioVersion = 10.0.40219.1
Project("{FAE04EC0-301F-11D3-BF4B-00C04F79EFBC}") = "SistemaGestionAuditoriaBackend", "SistemaGestionAuditoriaBackend\SistemaGestionAuditoriaBackend.csproj", "{509F5B57-7A96-4E97-A919-3A24D9FBFA0B}"
EndProject
Global
	GlobalSection(SolutionConfigurationPlatforms) = preSolution
		Debug|Any CPU = Debug|Any CPU
		Release|Any CPU = Release|Any CPU
	EndGlobalSection
	GlobalSection(ProjectConfigurationPlatforms) = postSolution
		{509F5B57-7A96-4E97-A919-3A24D9FBFA0B}.Debug|Any CPU.ActiveCfg = Debug|Any CPU
		{509F5B57-7A96-4E97-A919-3A24D9FBFA0B}.Debug|Any CPU.Build.0 = Debug|Any CPU
		{509F5B57-7A96-4E97-A919-3A24D9FBFA0B}.Release|Any CPU.ActiveCfg = Release|Any CPU
		{509F5B57-7A96-4E97-A919-3A24D9FBFA0B}.Release|Any CPU.Build.0 = Release|Any CPU
	EndGlobalSection
	GlobalSection(SolutionProperties) = preSolution
		HideSolutionNode = FALSE
	EndGlobalSection
	GlobalSection(ExtensibilityGlobals) = postSolution
		SolutionGuid = {EB651FE2-E1F9-496B-B864-73F7BD94AAED}
	EndGlobalSection
EndGlobal
